
Microsoft Visual Studio Solution File, Format Version 12.00
# Visual Studio Version 17
VisualStudioVersion = 17.14.36221.1
MinimumVisualStudioVersion = 10.0.40219.1
Project("{FAE04EC0-301F-11D3-BF4B-00C04F79EFBC}") = "AccessDesk_Win", "AccessDesk_Win\AccessDesk_Win.csproj", "{3AEA1A91-5D65-41B8-A783-8B8741D758FF}"
EndProject
Project("{FAE04EC0-301F-11D3-BF4B-00C04F79EFBC}") = "AccessDesk_ASP_Server", "AccessDesk_ASP_Server\AccessDesk_ASP_Server.csproj", "{508ACDD7-F0E7-4126-BA87-692640CD209E}"
EndProject
Global
	GlobalSection(SolutionConfigurationPlatforms) = preSolution
		Debug|Any CPU = Debug|Any CPU
		Release|Any CPU = Release|Any CPU
	EndGlobalSection
	GlobalSection(ProjectConfigurationPlatforms) = postSolution
		{3AEA1A91-5D65-41B8-A783-8B8741D758FF}.Debug|Any CPU.ActiveCfg = Debug|Any CPU
		{3AEA1A91-5D65-41B8-A783-8B8741D758FF}.Debug|Any CPU.Build.0 = Debug|Any CPU
		{3AEA1A91-5D65-41B8-A783-8B8741D758FF}.Release|Any CPU.ActiveCfg = Release|Any CPU
		{3AEA1A91-5D65-41B8-A783-8B8741D758FF}.Release|Any CPU.Build.0 = Release|Any CPU
		{508ACDD7-F0E7-4126-BA87-692640CD209E}.Debug|Any CPU.ActiveCfg = Debug|Any CPU
		{508ACDD7-F0E7-4126-BA87-692640CD209E}.Debug|Any CPU.Build.0 = Debug|Any CPU
		{508ACDD7-F0E7-4126-BA87-692640CD209E}.Release|Any CPU.ActiveCfg = Release|Any CPU
		{508ACDD7-F0E7-4126-BA87-692640CD209E}.Release|Any CPU.Build.0 = Release|Any CPU
	EndGlobalSection
	GlobalSection(SolutionProperties) = preSolution
		HideSolutionNode = FALSE
	EndGlobalSection
	GlobalSection(ExtensibilityGlobals) = postSolution
		SolutionGuid = {0FEF4BF1-645C-414D-A821-FF3BA1428732}
	EndGlobalSection
EndGlobal
